<?xml version="1.0" encoding="utf-8"?>
<Project ToolsVersion="17.0" xmlns="http://schemas.microsoft.com/developer/msbuild/2003">
  <ItemGroup>
    <ClCompile Include="D:\opensource\leela-zero\autogtp\autogtp_autogen\mocs_compilation_Debug.cpp">
      <Filter>Source Files</Filter>
    </ClCompile>
    <ClCompile Include="D:\opensource\leela-zero\autogtp\Worker.cpp">
      <Filter>Source Files</Filter>
    </ClCompile>
    <ClCompile Include="D:\opensource\leela-zero\autogtp\Management.cpp">
      <Filter>Source Files</Filter>
    </ClCompile>
    <ClCompile Include="D:\opensource\leela-zero\autogtp\Job.cpp">
      <Filter>Source Files</Filter>
    </ClCompile>
    <ClCompile Include="D:\opensource\leela-zero\autogtp\main.cpp">
      <Filter>Source Files</Filter>
    </ClCompile>
    <ClCompile Include="D:\opensource\leela-zero\autogtp\Game.cpp">
      <Filter>Source Files</Filter>
    </ClCompile>
    <ClCompile Include="D:\opensource\leela-zero\autogtp\Order.cpp">
      <Filter>Source Files</Filter>
    </ClCompile>
    <ClCompile Include="D:\opensource\leela-zero\autogtp\autogtp_autogen\mocs_compilation_Release.cpp">
      <Filter>Source Files</Filter>
    </ClCompile>
    <ClCompile Include="D:\opensource\leela-zero\autogtp\autogtp_autogen\mocs_compilation_MinSizeRel.cpp">
      <Filter>Source Files</Filter>
    </ClCompile>
    <ClCompile Include="D:\opensource\leela-zero\autogtp\autogtp_autogen\mocs_compilation_RelWithDebInfo.cpp">
      <Filter>Source Files</Filter>
    </ClCompile>
  </ItemGroup>
  <ItemGroup>
    <ClInclude Include="D:\opensource\leela-zero\autogtp\Game.h">
      <Filter>Header Files</Filter>
    </ClInclude>
    <ClInclude Include="D:\opensource\leela-zero\autogtp\Order.h">
      <Filter>Header Files</Filter>
    </ClInclude>
    <ClInclude Include="D:\opensource\leela-zero\autogtp\Management.h">
      <Filter>Header Files</Filter>
    </ClInclude>
    <ClInclude Include="D:\opensource\leela-zero\autogtp\Worker.h">
      <Filter>Header Files</Filter>
    </ClInclude>
    <ClInclude Include="D:\opensource\leela-zero\autogtp\Job.h">
      <Filter>Header Files</Filter>
    </ClInclude>
    <ClInclude Include="D:\opensource\leela-zero\autogtp\Result.h">
      <Filter>Header Files</Filter>
    </ClInclude>
    <ClInclude Include="D:\opensource\leela-zero\autogtp\Console.h">
      <Filter>Header Files</Filter>
    </ClInclude>
  </ItemGroup>
  <ItemGroup>
    <CustomBuild Include="D:\opensource\leela-zero\autogtp\CMakeLists.txt" />
  </ItemGroup>
  <ItemGroup>
    <Filter Include="Header Files">
      <UniqueIdentifier>{2D5F17E5-53E1-3041-AB6C-CE6A4ADBF93A}</UniqueIdentifier>
    </Filter>
    <Filter Include="Source Files">
      <UniqueIdentifier>{3DDE8477-DD7E-38A9-A89E-C4A1E033C1EE}</UniqueIdentifier>
    </Filter>
  </ItemGroup>
</Project>
