<?xml version="1.0" encoding="utf-8"?>
<Project ToolsVersion="17.0" xmlns="http://schemas.microsoft.com/developer/msbuild/2003">
  <ItemGroup>
    <CustomBuild Include="D:\opensource\leela-zero\autogtp\CMakeFiles\aa9c6085ac2a3204a01136cec94cb411\INSTALL_force.rule">
      <Filter>CMake Rules</Filter>
    </CustomBuild>
  </ItemGroup>
  <ItemGroup>
    <Filter Include="CMake Rules">
      <UniqueIdentifier>{C0292603-2F3B-3625-8814-EDABFD0680DE}</UniqueIdentifier>
    </Filter>
  </ItemGroup>
</Project>
